
Microsoft Visual Studio Solution File, Format Version 12.00
# Visual Studio Version 16
VisualStudioVersion = 16.0.29102.190
MinimumVisualStudioVersion = 10.0.40219.1
Project("{FAE04EC0-301F-11D3-BF4B-00C04F79EFBC}") = "AppyHealthWeb", "AppyHealthWeb.csproj", "{D4A4C4D2-5160-4AE7-9B7A-59F147B1B974}"
EndProject
Global
	GlobalSection(SolutionConfigurationPlatforms) = preSolution
		Debug|Any CPU = Debug|Any CPU
		Release|Any CPU = Release|Any CPU
	EndGlobalSection
	GlobalSection(ProjectConfigurationPlatforms) = postSolution
		{D4A4C4D2-5160-4AE7-9B7A-59F147B1B974}.Debug|Any CPU.ActiveCfg = Debug|Any CPU
		{D4A4C4D2-5160-4AE7-9B7A-59F147B1B974}.Debug|Any CPU.Build.0 = Debug|Any CPU
		{D4A4C4D2-5160-4AE7-9B7A-59F147B1B974}.Release|Any CPU.ActiveCfg = Release|Any CPU
		{D4A4C4D2-5160-4AE7-9B7A-59F147B1B974}.Release|Any CPU.Build.0 = Release|Any CPU
	EndGlobalSection
	GlobalSection(SolutionProperties) = preSolution
		HideSolutionNode = FALSE
	EndGlobalSection
	GlobalSection(ExtensibilityGlobals) = postSolution
		SolutionGuid = {FA6D3A3A-5586-46B7-BCEA-13846990112C}
	EndGlobalSection
EndGlobal
